
Microsoft Visual Studio Solution File, Format Version 12.00
# Visual Studio Version 16
VisualStudioVersion = 16.0.32106.194
MinimumVisualStudioVersion = 10.0.40219.1
Project("{FAE04EC0-301F-11D3-BF4B-00C04F79EFBC}") = "Secao08_projeto-teste", "Secao08_projeto-teste\Secao08_projeto-teste.csproj", "{A28745CB-6889-41C5-A53B-F5527548A3C6}"
EndProject
Global
	GlobalSection(SolutionConfigurationPlatforms) = preSolution
		Debug|Any CPU = Debug|Any CPU
		Release|Any CPU = Release|Any CPU
	EndGlobalSection
	GlobalSection(ProjectConfigurationPlatforms) = postSolution
		{A28745CB-6889-41C5-A53B-F5527548A3C6}.Debug|Any CPU.ActiveCfg = Debug|Any CPU
		{A28745CB-6889-41C5-A53B-F5527548A3C6}.Debug|Any CPU.Build.0 = Debug|Any CPU
		{A28745CB-6889-41C5-A53B-F5527548A3C6}.Release|Any CPU.ActiveCfg = Release|Any CPU
		{A28745CB-6889-41C5-A53B-F5527548A3C6}.Release|Any CPU.Build.0 = Release|Any CPU
	EndGlobalSection
	GlobalSection(SolutionProperties) = preSolution
		HideSolutionNode = FALSE
	EndGlobalSection
	GlobalSection(ExtensibilityGlobals) = postSolution
		SolutionGuid = {0D4A40BD-10D0-4FC9-A90B-EDE359E06949}
	EndGlobalSection
EndGlobal
